
Microsoft Visual Studio Solution File, Format Version 12.00
# Visual Studio Version 16
VisualStudioVersion = 16.0.31424.327
MinimumVisualStudioVersion = 10.0.40219.1
Project("{FAE04EC0-301F-11D3-BF4B-00C04F79EFBC}") = "SQLWebApp", "SQLWebApp\SQLWebApp.csproj", "{89F43E00-C387-4F09-A0C4-76EC95A0EE91}"
EndProject
Global
	GlobalSection(SolutionConfigurationPlatforms) = preSolution
		Debug|Any CPU = Debug|Any CPU
		Release|Any CPU = Release|Any CPU
	EndGlobalSection
	GlobalSection(ProjectConfigurationPlatforms) = postSolution
		{89F43E00-C387-4F09-A0C4-76EC95A0EE91}.Debug|Any CPU.ActiveCfg = Debug|Any CPU
		{89F43E00-C387-4F09-A0C4-76EC95A0EE91}.Debug|Any CPU.Build.0 = Debug|Any CPU
		{89F43E00-C387-4F09-A0C4-76EC95A0EE91}.Release|Any CPU.ActiveCfg = Release|Any CPU
		{89F43E00-C387-4F09-A0C4-76EC95A0EE91}.Release|Any CPU.Build.0 = Release|Any CPU
	EndGlobalSection
	GlobalSection(SolutionProperties) = preSolution
		HideSolutionNode = FALSE
	EndGlobalSection
	GlobalSection(ExtensibilityGlobals) = postSolution
		SolutionGuid = {72FA6F0A-4CA8-40E4-8738-EB6AE1B343F0}
	EndGlobalSection
EndGlobal
